
Microsoft Visual Studio Solution File, Format Version 12.00
# Visual Studio 15
VisualStudioVersion = 15.0.28010.2048
MinimumVisualStudioVersion = 10.0.40219.1
Project("{FAE04EC0-301F-11D3-BF4B-00C04F79EFBC}") = "SAPI_CatenaBeta", "SAPI_CatenaBeta\SAPI_CatenaBeta.csproj", "{EBBB681A-CCE9-42CE-BFE9-F16FA10E7405}"
EndProject
Project("{FAE04EC0-301F-11D3-BF4B-00C04F79EFBC}") = "DomainModel", "DomainModel\DomainModel.csproj", "{4D2BC994-B0A3-4422-9488-016BE558874A}"
EndProject
Project("{FAE04EC0-301F-11D3-BF4B-00C04F79EFBC}") = "Persistence", "Persistence\Persistence.csproj", "{CFA576AE-B58B-4F25-8A5A-247B3C684587}"
EndProject
Global
	GlobalSection(SolutionConfigurationPlatforms) = preSolution
		Debug|Any CPU = Debug|Any CPU
		Release|Any CPU = Release|Any CPU
	EndGlobalSection
	GlobalSection(ProjectConfigurationPlatforms) = postSolution
		{EBBB681A-CCE9-42CE-BFE9-F16FA10E7405}.Debug|Any CPU.ActiveCfg = Debug|Any CPU
		{EBBB681A-CCE9-42CE-BFE9-F16FA10E7405}.Debug|Any CPU.Build.0 = Debug|Any CPU
		{EBBB681A-CCE9-42CE-BFE9-F16FA10E7405}.Release|Any CPU.ActiveCfg = Release|Any CPU
		{EBBB681A-CCE9-42CE-BFE9-F16FA10E7405}.Release|Any CPU.Build.0 = Release|Any CPU
		{4D2BC994-B0A3-4422-9488-016BE558874A}.Debug|Any CPU.ActiveCfg = Debug|Any CPU
		{4D2BC994-B0A3-4422-9488-016BE558874A}.Debug|Any CPU.Build.0 = Debug|Any CPU
		{4D2BC994-B0A3-4422-9488-016BE558874A}.Release|Any CPU.ActiveCfg = Release|Any CPU
		{4D2BC994-B0A3-4422-9488-016BE558874A}.Release|Any CPU.Build.0 = Release|Any CPU
		{CFA576AE-B58B-4F25-8A5A-247B3C684587}.Debug|Any CPU.ActiveCfg = Debug|Any CPU
		{CFA576AE-B58B-4F25-8A5A-247B3C684587}.Debug|Any CPU.Build.0 = Debug|Any CPU
		{CFA576AE-B58B-4F25-8A5A-247B3C684587}.Release|Any CPU.ActiveCfg = Release|Any CPU
		{CFA576AE-B58B-4F25-8A5A-247B3C684587}.Release|Any CPU.Build.0 = Release|Any CPU
	EndGlobalSection
	GlobalSection(SolutionProperties) = preSolution
		HideSolutionNode = FALSE
	EndGlobalSection
	GlobalSection(ExtensibilityGlobals) = postSolution
		SolutionGuid = {5318E27F-FF79-4C35-B9D0-A2A8379C3A08}
	EndGlobalSection
EndGlobal
